
Microsoft Visual Studio Solution File, Format Version 12.00
# Visual Studio 15
VisualStudioVersion = 15.0.27004.2005
MinimumVisualStudioVersion = 10.0.40219.1
Project("{9A19103F-16F7-4668-BE54-9A1E7A4F7556}") = "KintyDatabase", "KintyDatabase\KintyDatabase.csproj", "{14F4C5DA-C6B9-4E83-A63C-5365B0959A0E}"
EndProject
Project("{9A19103F-16F7-4668-BE54-9A1E7A4F7556}") = "KintyApp", "KintyApp\KintyApp.csproj", "{39FE5423-06F1-4A6C-941E-E8C5F8242D83}"
EndProject
Project("{FAE04EC0-301F-11D3-BF4B-00C04F79EFBC}") = "KintyWebAPI", "KintyWebAPI\KintyWebAPI.csproj", "{5E9B3054-40FF-44EE-9047-A119F1C4DA48}"
EndProject
Global
	GlobalSection(SolutionConfigurationPlatforms) = preSolution
		Debug|Any CPU = Debug|Any CPU
		Release|Any CPU = Release|Any CPU
	EndGlobalSection
	GlobalSection(ProjectConfigurationPlatforms) = postSolution
		{14F4C5DA-C6B9-4E83-A63C-5365B0959A0E}.Debug|Any CPU.ActiveCfg = Debug|Any CPU
		{14F4C5DA-C6B9-4E83-A63C-5365B0959A0E}.Debug|Any CPU.Build.0 = Debug|Any CPU
		{14F4C5DA-C6B9-4E83-A63C-5365B0959A0E}.Release|Any CPU.ActiveCfg = Release|Any CPU
		{14F4C5DA-C6B9-4E83-A63C-5365B0959A0E}.Release|Any CPU.Build.0 = Release|Any CPU
		{39FE5423-06F1-4A6C-941E-E8C5F8242D83}.Debug|Any CPU.ActiveCfg = Debug|Any CPU
		{39FE5423-06F1-4A6C-941E-E8C5F8242D83}.Debug|Any CPU.Build.0 = Debug|Any CPU
		{39FE5423-06F1-4A6C-941E-E8C5F8242D83}.Release|Any CPU.ActiveCfg = Release|Any CPU
		{39FE5423-06F1-4A6C-941E-E8C5F8242D83}.Release|Any CPU.Build.0 = Release|Any CPU
		{5E9B3054-40FF-44EE-9047-A119F1C4DA48}.Debug|Any CPU.ActiveCfg = Debug|Any CPU
		{5E9B3054-40FF-44EE-9047-A119F1C4DA48}.Debug|Any CPU.Build.0 = Debug|Any CPU
		{5E9B3054-40FF-44EE-9047-A119F1C4DA48}.Release|Any CPU.ActiveCfg = Release|Any CPU
		{5E9B3054-40FF-44EE-9047-A119F1C4DA48}.Release|Any CPU.Build.0 = Release|Any CPU
	EndGlobalSection
	GlobalSection(SolutionProperties) = preSolution
		HideSolutionNode = FALSE
	EndGlobalSection
	GlobalSection(ExtensibilityGlobals) = postSolution
		SolutionGuid = {18DD8521-27E0-4753-BC33-49DD7B4F02F2}
	EndGlobalSection
EndGlobal
